
Microsoft Visual Studio Solution File, Format Version 12.00
# Visual Studio Version 16
VisualStudioVersion = 16.0.33529.622
MinimumVisualStudioVersion = 10.0.40219.1
Project("{8BC9CEB8-8B4A-11D0-8D11-00A0C91BC942}") = "2304Dudnik1311", "2304Dudnik1311.vcxproj", "{53A692AD-86FE-4F34-9A88-7971BBAE1568}"
EndProject
Global
	GlobalSection(SolutionConfigurationPlatforms) = preSolution
		Debug|x64 = Debug|x64
		Debug|x86 = Debug|x86
		Release|x64 = Release|x64
		Release|x86 = Release|x86
	EndGlobalSection
	GlobalSection(ProjectConfigurationPlatforms) = postSolution
		{53A692AD-86FE-4F34-9A88-7971BBAE1568}.Debug|x64.ActiveCfg = Debug|x64
		{53A692AD-86FE-4F34-9A88-7971BBAE1568}.Debug|x64.Build.0 = Debug|x64
		{53A692AD-86FE-4F34-9A88-7971BBAE1568}.Debug|x86.ActiveCfg = Debug|Win32
		{53A692AD-86FE-4F34-9A88-7971BBAE1568}.Debug|x86.Build.0 = Debug|Win32
		{53A692AD-86FE-4F34-9A88-7971BBAE1568}.Release|x64.ActiveCfg = Release|x64
		{53A692AD-86FE-4F34-9A88-7971BBAE1568}.Release|x64.Build.0 = Release|x64
		{53A692AD-86FE-4F34-9A88-7971BBAE1568}.Release|x86.ActiveCfg = Release|Win32
		{53A692AD-86FE-4F34-9A88-7971BBAE1568}.Release|x86.Build.0 = Release|Win32
	EndGlobalSection
	GlobalSection(SolutionProperties) = preSolution
		HideSolutionNode = FALSE
	EndGlobalSection
	GlobalSection(ExtensibilityGlobals) = postSolution
		SolutionGuid = {0BA72D65-C292-4DAC-8E31-F083322819FF}
	EndGlobalSection
EndGlobal
