
Microsoft Visual Studio Solution File, Format Version 12.00
# Visual Studio Version 16
VisualStudioVersion = 16.0.33529.622
MinimumVisualStudioVersion = 10.0.40219.1
Project("{8BC9CEB8-8B4A-11D0-8D11-00A0C91BC942}") = "2304Dudnik01010209", "2304Dudnik01010209.vcxproj", "{ADCC9B2E-23DB-4AEA-969B-1C810D24F9E5}"
EndProject
Global
	GlobalSection(SolutionConfigurationPlatforms) = preSolution
		Debug|x64 = Debug|x64
		Debug|x86 = Debug|x86
		Release|x64 = Release|x64
		Release|x86 = Release|x86
	EndGlobalSection
	GlobalSection(ProjectConfigurationPlatforms) = postSolution
		{ADCC9B2E-23DB-4AEA-969B-1C810D24F9E5}.Debug|x64.ActiveCfg = Debug|x64
		{ADCC9B2E-23DB-4AEA-969B-1C810D24F9E5}.Debug|x64.Build.0 = Debug|x64
		{ADCC9B2E-23DB-4AEA-969B-1C810D24F9E5}.Debug|x86.ActiveCfg = Debug|Win32
		{ADCC9B2E-23DB-4AEA-969B-1C810D24F9E5}.Debug|x86.Build.0 = Debug|Win32
		{ADCC9B2E-23DB-4AEA-969B-1C810D24F9E5}.Release|x64.ActiveCfg = Release|x64
		{ADCC9B2E-23DB-4AEA-969B-1C810D24F9E5}.Release|x64.Build.0 = Release|x64
		{ADCC9B2E-23DB-4AEA-969B-1C810D24F9E5}.Release|x86.ActiveCfg = Release|Win32
		{ADCC9B2E-23DB-4AEA-969B-1C810D24F9E5}.Release|x86.Build.0 = Release|Win32
	EndGlobalSection
	GlobalSection(SolutionProperties) = preSolution
		HideSolutionNode = FALSE
	EndGlobalSection
	GlobalSection(ExtensibilityGlobals) = postSolution
		SolutionGuid = {1E43C089-A394-4022-A7FC-43B59D664A23}
	EndGlobalSection
EndGlobal
